
Microsoft Visual Studio Solution File, Format Version 12.00
# Visual Studio Version 17
VisualStudioVersion = 17.9.34607.119
MinimumVisualStudioVersion = 10.0.40219.1
Project("{FAE04EC0-301F-11D3-BF4B-00C04F79EFBC}") = "cuando comprar y vender", "cuando comprar y vender\cuando comprar y vender.csproj", "{B45F621A-7242-4373-B44D-EB271E4E0380}"
EndProject
Global
	GlobalSection(SolutionConfigurationPlatforms) = preSolution
		Debug|Any CPU = Debug|Any CPU
		Release|Any CPU = Release|Any CPU
	EndGlobalSection
	GlobalSection(ProjectConfigurationPlatforms) = postSolution
		{B45F621A-7242-4373-B44D-EB271E4E0380}.Debug|Any CPU.ActiveCfg = Debug|Any CPU
		{B45F621A-7242-4373-B44D-EB271E4E0380}.Debug|Any CPU.Build.0 = Debug|Any CPU
		{B45F621A-7242-4373-B44D-EB271E4E0380}.Release|Any CPU.ActiveCfg = Release|Any CPU
		{B45F621A-7242-4373-B44D-EB271E4E0380}.Release|Any CPU.Build.0 = Release|Any CPU
	EndGlobalSection
	GlobalSection(SolutionProperties) = preSolution
		HideSolutionNode = FALSE
	EndGlobalSection
	GlobalSection(ExtensibilityGlobals) = postSolution
		SolutionGuid = {FFE0999B-B978-48DF-8547-F64C21BB878A}
	EndGlobalSection
EndGlobal
